
Microsoft Visual Studio Solution File, Format Version 11.00
# Visual Studio 2010
Project("{FAE04EC0-301F-11D3-BF4B-00C04F79EFBC}") = "Assembly-CSharp", "Assembly-CSharp.csproj", "{8c8243ac-2647-091d-ea9c-fdda746001d4}"
EndProject
Project("{FAE04EC0-301F-11D3-BF4B-00C04F79EFBC}") = "Assembly-CSharp-Editor", "Assembly-CSharp-Editor.csproj", "{db348036-8db3-201b-13a5-5fb60ced29b5}"
EndProject
Global
	GlobalSection(SolutionConfigurationPlatforms) = preSolution
		Debug|Any CPU = Debug|Any CPU
	EndGlobalSection
	GlobalSection(ProjectConfigurationPlatforms) = postSolution
		{8c8243ac-2647-091d-ea9c-fdda746001d4}.Debug|Any CPU.ActiveCfg = Debug|Any CPU
		{8c8243ac-2647-091d-ea9c-fdda746001d4}.Debug|Any CPU.Build.0 = Debug|Any CPU
		{db348036-8db3-201b-13a5-5fb60ced29b5}.Debug|Any CPU.ActiveCfg = Debug|Any CPU
		{db348036-8db3-201b-13a5-5fb60ced29b5}.Debug|Any CPU.Build.0 = Debug|Any CPU
	EndGlobalSection
	GlobalSection(SolutionProperties) = preSolution
		HideSolutionNode = FALSE
	EndGlobalSection
EndGlobal
